Microsoft Visual Studio Solution File, Format Version 12.00
# Visual Studio Version 17
VisualStudioVersion = 17.5.2.0
MinimumVisualStudioVersion = 10.0.40219.1
Project("{FAE04EC0-301F-11D3-BF4B-00C04F79EFBC}") = "EntraFrontend", "EntraFrontend\EntraFrontend.csproj", "{139CFFB4-7A0A-53C7-7AED-B7487F1380A7}"
EndProject
Global
	GlobalSection(SolutionConfigurationPlatforms) = preSolution
		Debug|Any CPU = Debug|Any CPU
		Release|Any CPU = Release|Any CPU
	EndGlobalSection
	GlobalSection(ProjectConfigurationPlatforms) = postSolution
		{139CFFB4-7A0A-53C7-7AED-B7487F1380A7}.Debug|Any CPU.ActiveCfg = Debug|Any CPU
		{139CFFB4-7A0A-53C7-7AED-B7487F1380A7}.Debug|Any CPU.Build.0 = Debug|Any CPU
		{139CFFB4-7A0A-53C7-7AED-B7487F1380A7}.Release|Any CPU.ActiveCfg = Release|Any CPU
		{139CFFB4-7A0A-53C7-7AED-B7487F1380A7}.Release|Any CPU.Build.0 = Release|Any CPU
	EndGlobalSection
	GlobalSection(SolutionProperties) = preSolution
		HideSolutionNode = FALSE
	EndGlobalSection
	GlobalSection(ExtensibilityGlobals) = postSolution
		SolutionGuid = {FD0AB96D-A5DB-4C9C-8D58-8D288D0AB37A}
	EndGlobalSection
EndGlobal
